
Microsoft Visual Studio Solution File, Format Version 12.00
# Visual Studio Version 16
VisualStudioVersion = 16.0.29215.179
MinimumVisualStudioVersion = 10.0.40219.1
Project("{9A19103F-16F7-4668-BE54-9A1E7A4F7556}") = "MNH-Ecommerce.Domain", "MNH-Ecommerce.Domain\MNH-Ecommerce.Domain.csproj", "{6E52ED8F-5706-4D9F-9FD1-DAA1F1E42362}"
EndProject
Project("{9A19103F-16F7-4668-BE54-9A1E7A4F7556}") = "MNH-Ecommerce.Repository", "MNH-Ecommerce.Repository\MNH-Ecommerce.Repository.csproj", "{6B6FF752-475F-45C4-BE00-07FF9155DA7B}"
EndProject
Project("{FAE04EC0-301F-11D3-BF4B-00C04F79EFBC}") = "MNH-Ecommerce.Web", "MNH-Ecommerce.Web\MNH-Ecommerce.Web.csproj", "{8B1F92DB-A1DC-417B-8124-EDEA5E214D6C}"
EndProject
Global
	GlobalSection(SolutionConfigurationPlatforms) = preSolution
		Debug|Any CPU = Debug|Any CPU
		Release|Any CPU = Release|Any CPU
	EndGlobalSection
	GlobalSection(ProjectConfigurationPlatforms) = postSolution
		{6E52ED8F-5706-4D9F-9FD1-DAA1F1E42362}.Debug|Any CPU.ActiveCfg = Debug|Any CPU
		{6E52ED8F-5706-4D9F-9FD1-DAA1F1E42362}.Debug|Any CPU.Build.0 = Debug|Any CPU
		{6E52ED8F-5706-4D9F-9FD1-DAA1F1E42362}.Release|Any CPU.ActiveCfg = Release|Any CPU
		{6E52ED8F-5706-4D9F-9FD1-DAA1F1E42362}.Release|Any CPU.Build.0 = Release|Any CPU
		{6B6FF752-475F-45C4-BE00-07FF9155DA7B}.Debug|Any CPU.ActiveCfg = Debug|Any CPU
		{6B6FF752-475F-45C4-BE00-07FF9155DA7B}.Debug|Any CPU.Build.0 = Debug|Any CPU
		{6B6FF752-475F-45C4-BE00-07FF9155DA7B}.Release|Any CPU.ActiveCfg = Release|Any CPU
		{6B6FF752-475F-45C4-BE00-07FF9155DA7B}.Release|Any CPU.Build.0 = Release|Any CPU
		{8B1F92DB-A1DC-417B-8124-EDEA5E214D6C}.Debug|Any CPU.ActiveCfg = Debug|Any CPU
		{8B1F92DB-A1DC-417B-8124-EDEA5E214D6C}.Debug|Any CPU.Build.0 = Debug|Any CPU
		{8B1F92DB-A1DC-417B-8124-EDEA5E214D6C}.Release|Any CPU.ActiveCfg = Release|Any CPU
		{8B1F92DB-A1DC-417B-8124-EDEA5E214D6C}.Release|Any CPU.Build.0 = Release|Any CPU
	EndGlobalSection
	GlobalSection(SolutionProperties) = preSolution
		HideSolutionNode = FALSE
	EndGlobalSection
	GlobalSection(ExtensibilityGlobals) = postSolution
		SolutionGuid = {91565F60-5798-4BCF-B90F-8548E866CD13}
	EndGlobalSection
EndGlobal
